
Microsoft Visual Studio Solution File, Format Version 12.00
# Visual Studio Version 17
VisualStudioVersion = 17.2.32630.192
MinimumVisualStudioVersion = 10.0.40219.1
Project("{FAE04EC0-301F-11D3-BF4B-00C04F79EFBC}") = "APICatalogo", "APICatalogo\APICatalogo.csproj", "{CE48F501-3960-4CBD-A684-336FC5C9CAC4}"
EndProject
Global
	GlobalSection(SolutionConfigurationPlatforms) = preSolution
		Debug|Any CPU = Debug|Any CPU
		Release|Any CPU = Release|Any CPU
	EndGlobalSection
	GlobalSection(ProjectConfigurationPlatforms) = postSolution
		{CE48F501-3960-4CBD-A684-336FC5C9CAC4}.Debug|Any CPU.ActiveCfg = Debug|Any CPU
		{CE48F501-3960-4CBD-A684-336FC5C9CAC4}.Debug|Any CPU.Build.0 = Debug|Any CPU
		{CE48F501-3960-4CBD-A684-336FC5C9CAC4}.Release|Any CPU.ActiveCfg = Release|Any CPU
		{CE48F501-3960-4CBD-A684-336FC5C9CAC4}.Release|Any CPU.Build.0 = Release|Any CPU
	EndGlobalSection
	GlobalSection(SolutionProperties) = preSolution
		HideSolutionNode = FALSE
	EndGlobalSection
	GlobalSection(ExtensibilityGlobals) = postSolution
		SolutionGuid = {4186E35C-0303-45BA-B2C8-B0AF7E946351}
	EndGlobalSection
EndGlobal
